
Microsoft Visual Studio Solution File, Format Version 12.00
# Visual Studio 15
VisualStudioVersion = 15.0.28307.572
MinimumVisualStudioVersion = 10.0.40219.1
Project("{FAE04EC0-301F-11D3-BF4B-00C04F79EFBC}") = "CircularGaugeDemo.Android", "CircularGaugeDemo\CircularGaugeDemo.Android\CircularGaugeDemo.Android.csproj", "{0646C40C-EBF2-4F6C-AED5-AD15EE14EED4}"
EndProject
Project("{FAE04EC0-301F-11D3-BF4B-00C04F79EFBC}") = "CircularGaugeDemo.iOS", "CircularGaugeDemo\CircularGaugeDemo.iOS\CircularGaugeDemo.iOS.csproj", "{F6EA1CF1-1C5B-4554-9788-39858CF50BD0}"
EndProject
Project("{FAE04EC0-301F-11D3-BF4B-00C04F79EFBC}") = "CircularGaugeDemo.UWP", "CircularGaugeDemo\CircularGaugeDemo.UWP\CircularGaugeDemo.UWP.csproj", "{59B07C48-E028-4845-846D-05BA34A27FED}"
EndProject
Project("{FAE04EC0-301F-11D3-BF4B-00C04F79EFBC}") = "CircularGaugeDemo", "CircularGaugeDemo\CircularGaugeDemo\CircularGaugeDemo.csproj", "{DE37B056-6857-4F9F-BB65-E0A537D4D726}"
EndProject
Global
	GlobalSection(SolutionConfigurationPlatforms) = preSolution
		Ad-Hoc|Any CPU = Ad-Hoc|Any CPU
		Ad-Hoc|ARM = Ad-Hoc|ARM
		Ad-Hoc|iPhone = Ad-Hoc|iPhone
		Ad-Hoc|iPhoneSimulator = Ad-Hoc|iPhoneSimulator
		Ad-Hoc|x64 = Ad-Hoc|x64
		Ad-Hoc|x86 = Ad-Hoc|x86
		AppStore|Any CPU = AppStore|Any CPU
		AppStore|ARM = AppStore|ARM
		AppStore|iPhone = AppStore|iPhone
		AppStore|iPhoneSimulator = AppStore|iPhoneSimulator
		AppStore|x64 = AppStore|x64
		AppStore|x86 = AppStore|x86
		Debug|Any CPU = Debug|Any CPU
		Debug|ARM = Debug|ARM
		Debug|iPhone = Debug|iPhone
		Debug|iPhoneSimulator = Debug|iPhoneSimulator
		Debug|x64 = Debug|x64
		Debug|x86 = Debug|x86
		Release|Any CPU = Release|Any CPU
		Release|ARM = Release|ARM
		Release|iPhone = Release|iPhone
		Release|iPhoneSimulator = Release|iPhoneSimulator
		Release|x64 = Release|x64
		Release|x86 = Release|x86
	EndGlobalSection
	GlobalSection(ProjectConfigurationPlatforms) = postSolution
		{0646C40C-EBF2-4F6C-AED5-AD15EE14EED4}.Ad-Hoc|Any CPU.ActiveCfg = Release|Any CPU
		{0646C40C-EBF2-4F6C-AED5-AD15EE14EED4}.Ad-Hoc|Any CPU.Build.0 = Release|Any CPU
		{0646C40C-EBF2-4F6C-AED5-AD15EE14EED4}.Ad-Hoc|Any CPU.Deploy.0 = Release|Any CPU
		{0646C40C-EBF2-4F6C-AED5-AD15EE14EED4}.Ad-Hoc|ARM.ActiveCfg = Release|Any CPU
		{0646C40C-EBF2-4F6C-AED5-AD15EE14EED4}.Ad-Hoc|ARM.Build.0 = Release|Any CPU
		{0646C40C-EBF2-4F6C-AED5-AD15EE14EED4}.Ad-Hoc|ARM.Deploy.0 = Release|Any CPU
		{0646C40C-EBF2-4F6C-AED5-AD15EE14EED4}.Ad-Hoc|iPhone.ActiveCfg = Release|Any CPU
		{0646C40C-EBF2-4F6C-AED5-AD15EE14EED4}.Ad-Hoc|iPhone.Build.0 = Release|Any CPU
		{0646C40C-EBF2-4F6C-AED5-AD15EE14EED4}.Ad-Hoc|iPhone.Deploy.0 = Release|Any CPU
		{0646C40C-EBF2-4F6C-AED5-AD15EE14EED4}.Ad-Hoc|iPhoneSimulator.ActiveCfg = Release|Any CPU
		{0646C40C-EBF2-4F6C-AED5-AD15EE14EED4}.Ad-Hoc|iPhoneSimulator.Build.0 = Release|Any CPU
		{0646C40C-EBF2-4F6C-AED5-AD15EE14EED4}.Ad-Hoc|iPhoneSimulator.Deploy.0 = Release|Any CPU
		{0646C40C-EBF2-4F6C-AED5-AD15EE14EED4}.Ad-Hoc|x64.ActiveCfg = Release|Any CPU
		{0646C40C-EBF2-4F6C-AED5-AD15EE14EED4}.Ad-Hoc|x64.Build.0 = Release|Any CPU
		{0646C40C-EBF2-4F6C-AED5-AD15EE14EED4}.Ad-Hoc|x64.Deploy.0 = Release|Any CPU
		{0646C40C-EBF2-4F6C-AED5-AD15EE14EED4}.Ad-Hoc|x86.ActiveCfg = Release|Any CPU
		{0646C40C-EBF2-4F6C-AED5-AD15EE14EED4}.Ad-Hoc|x86.Build.0 = Release|Any CPU
		{0646C40C-EBF2-4F6C-AED5-AD15EE14EED4}.Ad-Hoc|x86.Deploy.0 = Release|Any CPU
		{0646C40C-EBF2-4F6C-AED5-AD15EE14EED4}.AppStore|Any CPU.ActiveCfg = Release|Any CPU
		{0646C40C-EBF2-4F6C-AED5-AD15EE14EED4}.AppStore|Any CPU.Build.0 = Release|Any CPU
		{0646C40C-EBF2-4F6C-AED5-AD15EE14EED4}.AppStore|Any CPU.Deploy.0 = Release|Any CPU
		{0646C40C-EBF2-4F6C-AED5-AD15EE14EED4}.AppStore|ARM.ActiveCfg = Release|Any CPU
		{0646C40C-EBF2-4F6C-AED5-AD15EE14EED4}.AppStore|ARM.Build.0 = Release|Any CPU
		{0646C40C-EBF2-4F6C-AED5-AD15EE14EED4}.AppStore|ARM.Deploy.0 = Release|Any CPU
		{0646C40C-EBF2-4F6C-AED5-AD15EE14EED4}.AppStore|iPhone.ActiveCfg = Release|Any CPU
		{0646C40C-EBF2-4F6C-AED5-AD15EE14EED4}.AppStore|iPhone.Build.0 = Release|Any CPU
		{0646C40C-EBF2-4F6C-AED5-AD15EE14EED4}.AppStore|iPhone.Deploy.0 = Release|Any CPU
		{0646C40C-EBF2-4F6C-AED5-AD15EE14EED4}.AppStore|iPhoneSimulator.ActiveCfg = Release|Any CPU
		{0646C40C-EBF2-4F6C-AED5-AD15EE14EED4}.AppStore|iPhoneSimulator.Build.0 = Release|Any CPU
		{0646C40C-EBF2-4F6C-AED5-AD15EE14EED4}.AppStore|iPhoneSimulator.Deploy.0 = Release|Any CPU
		{0646C40C-EBF2-4F6C-AED5-AD15EE14EED4}.AppStore|x64.ActiveCfg = Release|Any CPU
		{0646C40C-EBF2-4F6C-AED5-AD15EE14EED4}.AppStore|x64.Build.0 = Release|Any CPU
		{0646C40C-EBF2-4F6C-AED5-AD15EE14EED4}.AppStore|x64.Deploy.0 = Release|Any CPU
		{0646C40C-EBF2-4F6C-AED5-AD15EE14EED4}.AppStore|x86.ActiveCfg = Release|Any CPU
		{0646C40C-EBF2-4F6C-AED5-AD15EE14EED4}.AppStore|x86.Build.0 = Release|Any CPU
		{0646C40C-EBF2-4F6C-AED5-AD15EE14EED4}.AppStore|x86.Deploy.0 = Release|Any CPU
		{0646C40C-EBF2-4F6C-AED5-AD15EE14EED4}.Debug|Any CPU.ActiveCfg = Debug|Any CPU
		{0646C40C-EBF2-4F6C-AED5-AD15EE14EED4}.Debug|Any CPU.Build.0 = Debug|Any CPU
		{0646C40C-EBF2-4F6C-AED5-AD15EE14EED4}.Debug|Any CPU.Deploy.0 = Debug|Any CPU
		{0646C40C-EBF2-4F6C-AED5-AD15EE14EED4}.Debug|ARM.ActiveCfg = Debug|Any CPU
		{0646C40C-EBF2-4F6C-AED5-AD15EE14EED4}.Debug|ARM.Build.0 = Debug|Any CPU
		{0646C40C-EBF2-4F6C-AED5-AD15EE14EED4}.Debug|ARM.Deploy.0 = Debug|Any CPU
		{0646C40C-EBF2-4F6C-AED5-AD15EE14EED4}.Debug|iPhone.ActiveCfg = Debug|Any CPU
		{0646C40C-EBF2-4F6C-AED5-AD15EE14EED4}.Debug|iPhone.Build.0 = Debug|Any CPU
		{0646C40C-EBF2-4F6C-AED5-AD15EE14EED4}.Debug|iPhone.Deploy.0 = Debug|Any CPU
		{0646C40C-EBF2-4F6C-AED5-AD15EE14EED4}.Debug|iPhoneSimulator.ActiveCfg = Debug|Any CPU
		{0646C40C-EBF2-4F6C-AED5-AD15EE14EED4}.Debug|iPhoneSimulator.Build.0 = Debug|Any CPU
		{0646C40C-EBF2-4F6C-AED5-AD15EE14EED4}.Debug|iPhoneSimulator.Deploy.0 = Debug|Any CPU
		{0646C40C-EBF2-4F6C-AED5-AD15EE14EED4}.Debug|x64.ActiveCfg = Debug|Any CPU
		{0646C40C-EBF2-4F6C-AED5-AD15EE14EED4}.Debug|x64.Build.0 = Debug|Any CPU
		{0646C40C-EBF2-4F6C-AED5-AD15EE14EED4}.Debug|x64.Deploy.0 = Debug|Any CPU
		{0646C40C-EBF2-4F6C-AED5-AD15EE14EED4}.Debug|x86.ActiveCfg = Debug|Any CPU
		{0646C40C-EBF2-4F6C-AED5-AD15EE14EED4}.Debug|x86.Build.0 = Debug|Any CPU
		{0646C40C-EBF2-4F6C-AED5-AD15EE14EED4}.Debug|x86.Deploy.0 = Debug|Any CPU
		{0646C40C-EBF2-4F6C-AED5-AD15EE14EED4}.Release|Any CPU.ActiveCfg = Release|Any CPU
		{0646C40C-EBF2-4F6C-AED5-AD15EE14EED4}.Release|Any CPU.Build.0 = Release|Any CPU
		{0646C40C-EBF2-4F6C-AED5-AD15EE14EED4}.Release|Any CPU.Deploy.0 = Release|Any CPU
		{0646C40C-EBF2-4F6C-AED5-AD15EE14EED4}.Release|ARM.ActiveCfg = Release|Any CPU
		{0646C40C-EBF2-4F6C-AED5-AD15EE14EED4}.Release|ARM.Build.0 = Release|Any CPU
		{0646C40C-EBF2-4F6C-AED5-AD15EE14EED4}.Release|ARM.Deploy.0 = Release|Any CPU
		{0646C40C-EBF2-4F6C-AED5-AD15EE14EED4}.Release|iPhone.ActiveCfg = Release|Any CPU
		{0646C40C-EBF2-4F6C-AED5-AD15EE14EED4}.Release|iPhone.Build.0 = Release|Any CPU
		{0646C40C-EBF2-4F6C-AED5-AD15EE14EED4}.Release|iPhone.Deploy.0 = Release|Any CPU
		{0646C40C-EBF2-4F6C-AED5-AD15EE14EED4}.Release|iPhoneSimulator.ActiveCfg = Release|Any CPU
		{0646C40C-EBF2-4F6C-AED5-AD15EE14EED4}.Release|iPhoneSimulator.Build.0 = Release|Any CPU
		{0646C40C-EBF2-4F6C-AED5-AD15EE14EED4}.Release|iPhoneSimulator.Deploy.0 = Release|Any CPU
		{0646C40C-EBF2-4F6C-AED5-AD15EE14EED4}.Release|x64.ActiveCfg = Release|Any CPU
		{0646C40C-EBF2-4F6C-AED5-AD15EE14EED4}.Release|x64.Build.0 = Release|Any CPU
		{0646C40C-EBF2-4F6C-AED5-AD15EE14EED4}.Release|x64.Deploy.0 = Release|Any CPU
		{0646C40C-EBF2-4F6C-AED5-AD15EE14EED4}.Release|x86.ActiveCfg = Release|Any CPU
		{0646C40C-EBF2-4F6C-AED5-AD15EE14EED4}.Release|x86.Build.0 = Release|Any CPU
		{0646C40C-EBF2-4F6C-AED5-AD15EE14EED4}.Release|x86.Deploy.0 = Release|Any CPU
		{F6EA1CF1-1C5B-4554-9788-39858CF50BD0}.Ad-Hoc|Any CPU.ActiveCfg = Ad-Hoc|iPhone
		{F6EA1CF1-1C5B-4554-9788-39858CF50BD0}.Ad-Hoc|Any CPU.Build.0 = Ad-Hoc|iPhone
		{F6EA1CF1-1C5B-4554-9788-39858CF50BD0}.Ad-Hoc|Any CPU.Deploy.0 = Ad-Hoc|iPhone
		{F6EA1CF1-1C5B-4554-9788-39858CF50BD0}.Ad-Hoc|ARM.ActiveCfg = Ad-Hoc|iPhone
		{F6EA1CF1-1C5B-4554-9788-39858CF50BD0}.Ad-Hoc|ARM.Build.0 = Ad-Hoc|iPhone
		{F6EA1CF1-1C5B-4554-9788-39858CF50BD0}.Ad-Hoc|ARM.Deploy.0 = Ad-Hoc|iPhone
		{F6EA1CF1-1C5B-4554-9788-39858CF50BD0}.Ad-Hoc|iPhone.ActiveCfg = Ad-Hoc|iPhone
		{F6EA1CF1-1C5B-4554-9788-39858CF50BD0}.Ad-Hoc|iPhone.Build.0 = Ad-Hoc|iPhone
		{F6EA1CF1-1C5B-4554-9788-39858CF50BD0}.Ad-Hoc|iPhone.Deploy.0 = Ad-Hoc|iPhone
		{F6EA1CF1-1C5B-4554-9788-39858CF50BD0}.Ad-Hoc|iPhoneSimulator.ActiveCfg = Ad-Hoc|iPhoneSimulator
		{F6EA1CF1-1C5B-4554-9788-39858CF50BD0}.Ad-Hoc|iPhoneSimulator.Build.0 = Ad-Hoc|iPhoneSimulator
		{F6EA1CF1-1C5B-4554-9788-39858CF50BD0}.Ad-Hoc|iPhoneSimulator.Deploy.0 = Ad-Hoc|iPhoneSimulator
		{F6EA1CF1-1C5B-4554-9788-39858CF50BD0}.Ad-Hoc|x64.ActiveCfg = Ad-Hoc|iPhone
		{F6EA1CF1-1C5B-4554-9788-39858CF50BD0}.Ad-Hoc|x64.Build.0 = Ad-Hoc|iPhone
		{F6EA1CF1-1C5B-4554-9788-39858CF50BD0}.Ad-Hoc|x64.Deploy.0 = Ad-Hoc|iPhone
		{F6EA1CF1-1C5B-4554-9788-39858CF50BD0}.Ad-Hoc|x86.ActiveCfg = Ad-Hoc|iPhone
		{F6EA1CF1-1C5B-4554-9788-39858CF50BD0}.Ad-Hoc|x86.Build.0 = Ad-Hoc|iPhone
		{F6EA1CF1-1C5B-4554-9788-39858CF50BD0}.Ad-Hoc|x86.Deploy.0 = Ad-Hoc|iPhone
		{F6EA1CF1-1C5B-4554-9788-39858CF50BD0}.AppStore|Any CPU.ActiveCfg = AppStore|iPhone
		{F6EA1CF1-1C5B-4554-9788-39858CF50BD0}.AppStore|Any CPU.Build.0 = AppStore|iPhone
		{F6EA1CF1-1C5B-4554-9788-39858CF50BD0}.AppStore|Any CPU.Deploy.0 = AppStore|iPhone
		{F6EA1CF1-1C5B-4554-9788-39858CF50BD0}.AppStore|ARM.ActiveCfg = AppStore|iPhone
		{F6EA1CF1-1C5B-4554-9788-39858CF50BD0}.AppStore|ARM.Build.0 = AppStore|iPhone
		{F6EA1CF1-1C5B-4554-9788-39858CF50BD0}.AppStore|ARM.Deploy.0 = AppStore|iPhone
		{F6EA1CF1-1C5B-4554-9788-39858CF50BD0}.AppStore|iPhone.ActiveCfg = AppStore|iPhone
		{F6EA1CF1-1C5B-4554-9788-39858CF50BD0}.AppStore|iPhone.Build.0 = AppStore|iPhone
		{F6EA1CF1-1C5B-4554-9788-39858CF50BD0}.AppStore|iPhone.Deploy.0 = AppStore|iPhone
		{F6EA1CF1-1C5B-4554-9788-39858CF50BD0}.AppStore|iPhoneSimulator.ActiveCfg = AppStore|iPhoneSimulator
		{F6EA1CF1-1C5B-4554-9788-39858CF50BD0}.AppStore|iPhoneSimulator.Build.0 = AppStore|iPhoneSimulator
		{F6EA1CF1-1C5B-4554-9788-39858CF50BD0}.AppStore|iPhoneSimulator.Deploy.0 = AppStore|iPhoneSimulator
		{F6EA1CF1-1C5B-4554-9788-39858CF50BD0}.AppStore|x64.ActiveCfg = AppStore|iPhone
		{F6EA1CF1-1C5B-4554-9788-39858CF50BD0}.AppStore|x64.Build.0 = AppStore|iPhone
		{F6EA1CF1-1C5B-4554-9788-39858CF50BD0}.AppStore|x64.Deploy.0 = AppStore|iPhone
		{F6EA1CF1-1C5B-4554-9788-39858CF50BD0}.AppStore|x86.ActiveCfg = AppStore|iPhone
		{F6EA1CF1-1C5B-4554-9788-39858CF50BD0}.AppStore|x86.Build.0 = AppStore|iPhone
		{F6EA1CF1-1C5B-4554-9788-39858CF50BD0}.AppStore|x86.Deploy.0 = AppStore|iPhone
		{F6EA1CF1-1C5B-4554-9788-39858CF50BD0}.Debug|Any CPU.ActiveCfg = Debug|iPhoneSimulator
		{F6EA1CF1-1C5B-4554-9788-39858CF50BD0}.Debug|Any CPU.Build.0 = Debug|iPhoneSimulator
		{F6EA1CF1-1C5B-4554-9788-39858CF50BD0}.Debug|Any CPU.Deploy.0 = Debug|iPhoneSimulator
		{F6EA1CF1-1C5B-4554-9788-39858CF50BD0}.Debug|ARM.ActiveCfg = Debug|iPhone
		{F6EA1CF1-1C5B-4554-9788-39858CF50BD0}.Debug|ARM.Build.0 = Debug|iPhone
		{F6EA1CF1-1C5B-4554-9788-39858CF50BD0}.Debug|ARM.Deploy.0 = Debug|iPhone
		{F6EA1CF1-1C5B-4554-9788-39858CF50BD0}.Debug|iPhone.ActiveCfg = Debug|iPhone
		{F6EA1CF1-1C5B-4554-9788-39858CF50BD0}.Debug|iPhone.Build.0 = Debug|iPhone
		{F6EA1CF1-1C5B-4554-9788-39858CF50BD0}.Debug|iPhone.Deploy.0 = Debug|iPhone
		{F6EA1CF1-1C5B-4554-9788-39858CF50BD0}.Debug|iPhoneSimulator.ActiveCfg = Debug|iPhoneSimulator
		{F6EA1CF1-1C5B-4554-9788-39858CF50BD0}.Debug|iPhoneSimulator.Build.0 = Debug|iPhoneSimulator
		{F6EA1CF1-1C5B-4554-9788-39858CF50BD0}.Debug|iPhoneSimulator.Deploy.0 = Debug|iPhoneSimulator
		{F6EA1CF1-1C5B-4554-9788-39858CF50BD0}.Debug|x64.ActiveCfg = Debug|iPhone
		{F6EA1CF1-1C5B-4554-9788-39858CF50BD0}.Debug|x64.Build.0 = Debug|iPhone
		{F6EA1CF1-1C5B-4554-9788-39858CF50BD0}.Debug|x64.Deploy.0 = Debug|iPhone
		{F6EA1CF1-1C5B-4554-9788-39858CF50BD0}.Debug|x86.ActiveCfg = Debug|iPhone
		{F6EA1CF1-1C5B-4554-9788-39858CF50BD0}.Debug|x86.Build.0 = Debug|iPhone
		{F6EA1CF1-1C5B-4554-9788-39858CF50BD0}.Debug|x86.Deploy.0 = Debug|iPhone
		{F6EA1CF1-1C5B-4554-9788-39858CF50BD0}.Release|Any CPU.ActiveCfg = Release|iPhone
		{F6EA1CF1-1C5B-4554-9788-39858CF50BD0}.Release|Any CPU.Build.0 = Release|iPhone
		{F6EA1CF1-1C5B-4554-9788-39858CF50BD0}.Release|Any CPU.Deploy.0 = Release|iPhone
		{F6EA1CF1-1C5B-4554-9788-39858CF50BD0}.Release|ARM.ActiveCfg = Release|iPhone
		{F6EA1CF1-1C5B-4554-9788-39858CF50BD0}.Release|ARM.Build.0 = Release|iPhone
		{F6EA1CF1-1C5B-4554-9788-39858CF50BD0}.Release|ARM.Deploy.0 = Release|iPhone
		{F6EA1CF1-1C5B-4554-9788-39858CF50BD0}.Release|iPhone.ActiveCfg = Release|iPhone
		{F6EA1CF1-1C5B-4554-9788-39858CF50BD0}.Release|iPhone.Build.0 = Release|iPhone
		{F6EA1CF1-1C5B-4554-9788-39858CF50BD0}.Release|iPhone.Deploy.0 = Release|iPhone
		{F6EA1CF1-1C5B-4554-9788-39858CF50BD0}.Release|iPhoneSimulator.ActiveCfg = Release|iPhoneSimulator
		{F6EA1CF1-1C5B-4554-9788-39858CF50BD0}.Release|iPhoneSimulator.Build.0 = Release|iPhoneSimulator
		{F6EA1CF1-1C5B-4554-9788-39858CF50BD0}.Release|iPhoneSimulator.Deploy.0 = Release|iPhoneSimulator
		{F6EA1CF1-1C5B-4554-9788-39858CF50BD0}.Release|x64.ActiveCfg = Release|iPhone
		{F6EA1CF1-1C5B-4554-9788-39858CF50BD0}.Release|x64.Build.0 = Release|iPhone
		{F6EA1CF1-1C5B-4554-9788-39858CF50BD0}.Release|x64.Deploy.0 = Release|iPhone
		{F6EA1CF1-1C5B-4554-9788-39858CF50BD0}.Release|x86.ActiveCfg = Release|iPhone
		{F6EA1CF1-1C5B-4554-9788-39858CF50BD0}.Release|x86.Build.0 = Release|iPhone
		{F6EA1CF1-1C5B-4554-9788-39858CF50BD0}.Release|x86.Deploy.0 = Release|iPhone
		{59B07C48-E028-4845-846D-05BA34A27FED}.Ad-Hoc|Any CPU.ActiveCfg = Release|x86
		{59B07C48-E028-4845-846D-05BA34A27FED}.Ad-Hoc|Any CPU.Build.0 = Release|x86
		{59B07C48-E028-4845-846D-05BA34A27FED}.Ad-Hoc|Any CPU.Deploy.0 = Release|x86
		{59B07C48-E028-4845-846D-05BA34A27FED}.Ad-Hoc|ARM.ActiveCfg = Release|ARM
		{59B07C48-E028-4845-846D-05BA34A27FED}.Ad-Hoc|ARM.Build.0 = Release|ARM
		{59B07C48-E028-4845-846D-05BA34A27FED}.Ad-Hoc|ARM.Deploy.0 = Release|ARM
		{59B07C48-E028-4845-846D-05BA34A27FED}.Ad-Hoc|iPhone.ActiveCfg = Release|x86
		{59B07C48-E028-4845-846D-05BA34A27FED}.Ad-Hoc|iPhone.Build.0 = Release|x86
		{59B07C48-E028-4845-846D-05BA34A27FED}.Ad-Hoc|iPhone.Deploy.0 = Release|x86
		{59B07C48-E028-4845-846D-05BA34A27FED}.Ad-Hoc|iPhoneSimulator.ActiveCfg = Release|x86
		{59B07C48-E028-4845-846D-05BA34A27FED}.Ad-Hoc|iPhoneSimulator.Build.0 = Release|x86
		{59B07C48-E028-4845-846D-05BA34A27FED}.Ad-Hoc|iPhoneSimulator.Deploy.0 = Release|x86
		{59B07C48-E028-4845-846D-05BA34A27FED}.Ad-Hoc|x64.ActiveCfg = Release|x64
		{59B07C48-E028-4845-846D-05BA34A27FED}.Ad-Hoc|x64.Build.0 = Release|x64
		{59B07C48-E028-4845-846D-05BA34A27FED}.Ad-Hoc|x64.Deploy.0 = Release|x64
		{59B07C48-E028-4845-846D-05BA34A27FED}.Ad-Hoc|x86.ActiveCfg = Release|x86
		{59B07C48-E028-4845-846D-05BA34A27FED}.Ad-Hoc|x86.Build.0 = Release|x86
		{59B07C48-E028-4845-846D-05BA34A27FED}.Ad-Hoc|x86.Deploy.0 = Release|x86
		{59B07C48-E028-4845-846D-05BA34A27FED}.AppStore|Any CPU.ActiveCfg = Release|x86
		{59B07C48-E028-4845-846D-05BA34A27FED}.AppStore|Any CPU.Build.0 = Release|x86
		{59B07C48-E028-4845-846D-05BA34A27FED}.AppStore|Any CPU.Deploy.0 = Release|x86
		{59B07C48-E028-4845-846D-05BA34A27FED}.AppStore|ARM.ActiveCfg = Release|ARM
		{59B07C48-E028-4845-846D-05BA34A27FED}.AppStore|ARM.Build.0 = Release|ARM
		{59B07C48-E028-4845-846D-05BA34A27FED}.AppStore|ARM.Deploy.0 = Release|ARM
		{59B07C48-E028-4845-846D-05BA34A27FED}.AppStore|iPhone.ActiveCfg = Release|x86
		{59B07C48-E028-4845-846D-05BA34A27FED}.AppStore|iPhone.Build.0 = Release|x86
		{59B07C48-E028-4845-846D-05BA34A27FED}.AppStore|iPhone.Deploy.0 = Release|x86
		{59B07C48-E028-4845-846D-05BA34A27FED}.AppStore|iPhoneSimulator.ActiveCfg = Release|x86
		{59B07C48-E028-4845-846D-05BA34A27FED}.AppStore|iPhoneSimulator.Build.0 = Release|x86
		{59B07C48-E028-4845-846D-05BA34A27FED}.AppStore|iPhoneSimulator.Deploy.0 = Release|x86
		{59B07C48-E028-4845-846D-05BA34A27FED}.AppStore|x64.ActiveCfg = Release|x64
		{59B07C48-E028-4845-846D-05BA34A27FED}.AppStore|x64.Build.0 = Release|x64
		{59B07C48-E028-4845-846D-05BA34A27FED}.AppStore|x64.Deploy.0 = Release|x64
		{59B07C48-E028-4845-846D-05BA34A27FED}.AppStore|x86.ActiveCfg = Release|x86
		{59B07C48-E028-4845-846D-05BA34A27FED}.AppStore|x86.Build.0 = Release|x86
		{59B07C48-E028-4845-846D-05BA34A27FED}.AppStore|x86.Deploy.0 = Release|x86
		{59B07C48-E028-4845-846D-05BA34A27FED}.Debug|Any CPU.ActiveCfg = Debug|x86
		{59B07C48-E028-4845-846D-05BA34A27FED}.Debug|Any CPU.Build.0 = Debug|x86
		{59B07C48-E028-4845-846D-05BA34A27FED}.Debug|Any CPU.Deploy.0 = Debug|x86
		{59B07C48-E028-4845-846D-05BA34A27FED}.Debug|ARM.ActiveCfg = Debug|ARM
		{59B07C48-E028-4845-846D-05BA34A27FED}.Debug|ARM.Build.0 = Debug|ARM
		{59B07C48-E028-4845-846D-05BA34A27FED}.Debug|ARM.Deploy.0 = Debug|ARM
		{59B07C48-E028-4845-846D-05BA34A27FED}.Debug|iPhone.ActiveCfg = Debug|x86
		{59B07C48-E028-4845-846D-05BA34A27FED}.Debug|iPhone.Build.0 = Debug|x86
		{59B07C48-E028-4845-846D-05BA34A27FED}.Debug|iPhone.Deploy.0 = Debug|x86
		{59B07C48-E028-4845-846D-05BA34A27FED}.Debug|iPhoneSimulator.ActiveCfg = Debug|x86
		{59B07C48-E028-4845-846D-05BA34A27FED}.Debug|iPhoneSimulator.Build.0 = Debug|x86
		{59B07C48-E028-4845-846D-05BA34A27FED}.Debug|iPhoneSimulator.Deploy.0 = Debug|x86
		{59B07C48-E028-4845-846D-05BA34A27FED}.Debug|x64.ActiveCfg = Debug|x64
		{59B07C48-E028-4845-846D-05BA34A27FED}.Debug|x64.Build.0 = Debug|x64
		{59B07C48-E028-4845-846D-05BA34A27FED}.Debug|x64.Deploy.0 = Debug|x64
		{59B07C48-E028-4845-846D-05BA34A27FED}.Debug|x86.ActiveCfg = Debug|x86
		{59B07C48-E028-4845-846D-05BA34A27FED}.Debug|x86.Build.0 = Debug|x86
		{59B07C48-E028-4845-846D-05BA34A27FED}.Debug|x86.Deploy.0 = Debug|x86
		{59B07C48-E028-4845-846D-05BA34A27FED}.Release|Any CPU.ActiveCfg = Release|x86
		{59B07C48-E028-4845-846D-05BA34A27FED}.Release|Any CPU.Build.0 = Release|x86
		{59B07C48-E028-4845-846D-05BA34A27FED}.Release|Any CPU.Deploy.0 = Release|x86
		{59B07C48-E028-4845-846D-05BA34A27FED}.Release|ARM.ActiveCfg = Release|ARM
		{59B07C48-E028-4845-846D-05BA34A27FED}.Release|ARM.Build.0 = Release|ARM
		{59B07C48-E028-4845-846D-05BA34A27FED}.Release|ARM.Deploy.0 = Release|ARM
		{59B07C48-E028-4845-846D-05BA34A27FED}.Release|iPhone.ActiveCfg = Release|x86
		{59B07C48-E028-4845-846D-05BA34A27FED}.Release|iPhone.Build.0 = Release|x86
		{59B07C48-E028-4845-846D-05BA34A27FED}.Release|iPhone.Deploy.0 = Release|x86
		{59B07C48-E028-4845-846D-05BA34A27FED}.Release|iPhoneSimulator.ActiveCfg = Release|x86
		{59B07C48-E028-4845-846D-05BA34A27FED}.Release|iPhoneSimulator.Build.0 = Release|x86
		{59B07C48-E028-4845-846D-05BA34A27FED}.Release|iPhoneSimulator.Deploy.0 = Release|x86
		{59B07C48-E028-4845-846D-05BA34A27FED}.Release|x64.ActiveCfg = Release|x64
		{59B07C48-E028-4845-846D-05BA34A27FED}.Release|x64.Build.0 = Release|x64
		{59B07C48-E028-4845-846D-05BA34A27FED}.Release|x64.Deploy.0 = Release|x64
		{59B07C48-E028-4845-846D-05BA34A27FED}.Release|x86.ActiveCfg = Release|x86
		{59B07C48-E028-4845-846D-05BA34A27FED}.Release|x86.Build.0 = Release|x86
		{59B07C48-E028-4845-846D-05BA34A27FED}.Release|x86.Deploy.0 = Release|x86
		{DE37B056-6857-4F9F-BB65-E0A537D4D726}.Ad-Hoc|Any CPU.ActiveCfg = Debug|Any CPU
		{DE37B056-6857-4F9F-BB65-E0A537D4D726}.Ad-Hoc|Any CPU.Build.0 = Debug|Any CPU
		{DE37B056-6857-4F9F-BB65-E0A537D4D726}.Ad-Hoc|Any CPU.Deploy.0 = Debug|Any CPU
		{DE37B056-6857-4F9F-BB65-E0A537D4D726}.Ad-Hoc|ARM.ActiveCfg = Debug|Any CPU
		{DE37B056-6857-4F9F-BB65-E0A537D4D726}.Ad-Hoc|ARM.Build.0 = Debug|Any CPU
		{DE37B056-6857-4F9F-BB65-E0A537D4D726}.Ad-Hoc|ARM.Deploy.0 = Debug|Any CPU
		{DE37B056-6857-4F9F-BB65-E0A537D4D726}.Ad-Hoc|iPhone.ActiveCfg = Debug|Any CPU
		{DE37B056-6857-4F9F-BB65-E0A537D4D726}.Ad-Hoc|iPhone.Build.0 = Debug|Any CPU
		{DE37B056-6857-4F9F-BB65-E0A537D4D726}.Ad-Hoc|iPhone.Deploy.0 = Debug|Any CPU
		{DE37B056-6857-4F9F-BB65-E0A537D4D726}.Ad-Hoc|iPhoneSimulator.ActiveCfg = Debug|Any CPU
		{DE37B056-6857-4F9F-BB65-E0A537D4D726}.Ad-Hoc|iPhoneSimulator.Build.0 = Debug|Any CPU
		{DE37B056-6857-4F9F-BB65-E0A537D4D726}.Ad-Hoc|iPhoneSimulator.Deploy.0 = Debug|Any CPU
		{DE37B056-6857-4F9F-BB65-E0A537D4D726}.Ad-Hoc|x64.ActiveCfg = Debug|Any CPU
		{DE37B056-6857-4F9F-BB65-E0A537D4D726}.Ad-Hoc|x64.Build.0 = Debug|Any CPU
		{DE37B056-6857-4F9F-BB65-E0A537D4D726}.Ad-Hoc|x64.Deploy.0 = Debug|Any CPU
		{DE37B056-6857-4F9F-BB65-E0A537D4D726}.Ad-Hoc|x86.ActiveCfg = Debug|Any CPU
		{DE37B056-6857-4F9F-BB65-E0A537D4D726}.Ad-Hoc|x86.Build.0 = Debug|Any CPU
		{DE37B056-6857-4F9F-BB65-E0A537D4D726}.Ad-Hoc|x86.Deploy.0 = Debug|Any CPU
		{DE37B056-6857-4F9F-BB65-E0A537D4D726}.AppStore|Any CPU.ActiveCfg = Debug|Any CPU
		{DE37B056-6857-4F9F-BB65-E0A537D4D726}.AppStore|Any CPU.Build.0 = Debug|Any CPU
		{DE37B056-6857-4F9F-BB65-E0A537D4D726}.AppStore|Any CPU.Deploy.0 = Debug|Any CPU
		{DE37B056-6857-4F9F-BB65-E0A537D4D726}.AppStore|ARM.ActiveCfg = Debug|Any CPU
		{DE37B056-6857-4F9F-BB65-E0A537D4D726}.AppStore|ARM.Build.0 = Debug|Any CPU
		{DE37B056-6857-4F9F-BB65-E0A537D4D726}.AppStore|ARM.Deploy.0 = Debug|Any CPU
		{DE37B056-6857-4F9F-BB65-E0A537D4D726}.AppStore|iPhone.ActiveCfg = Debug|Any CPU
		{DE37B056-6857-4F9F-BB65-E0A537D4D726}.AppStore|iPhone.Build.0 = Debug|Any CPU
		{DE37B056-6857-4F9F-BB65-E0A537D4D726}.AppStore|iPhone.Deploy.0 = Debug|Any CPU
		{DE37B056-6857-4F9F-BB65-E0A537D4D726}.AppStore|iPhoneSimulator.ActiveCfg = Debug|Any CPU
		{DE37B056-6857-4F9F-BB65-E0A537D4D726}.AppStore|iPhoneSimulator.Build.0 = Debug|Any CPU
		{DE37B056-6857-4F9F-BB65-E0A537D4D726}.AppStore|iPhoneSimulator.Deploy.0 = Debug|Any CPU
		{DE37B056-6857-4F9F-BB65-E0A537D4D726}.AppStore|x64.ActiveCfg = Debug|Any CPU
		{DE37B056-6857-4F9F-BB65-E0A537D4D726}.AppStore|x64.Build.0 = Debug|Any CPU
		{DE37B056-6857-4F9F-BB65-E0A537D4D726}.AppStore|x64.Deploy.0 = Debug|Any CPU
		{DE37B056-6857-4F9F-BB65-E0A537D4D726}.AppStore|x86.ActiveCfg = Debug|Any CPU
		{DE37B056-6857-4F9F-BB65-E0A537D4D726}.AppStore|x86.Build.0 = Debug|Any CPU
		{DE37B056-6857-4F9F-BB65-E0A537D4D726}.AppStore|x86.Deploy.0 = Debug|Any CPU
		{DE37B056-6857-4F9F-BB65-E0A537D4D726}.Debug|Any CPU.ActiveCfg = Debug|Any CPU
		{DE37B056-6857-4F9F-BB65-E0A537D4D726}.Debug|Any CPU.Build.0 = Debug|Any CPU
		{DE37B056-6857-4F9F-BB65-E0A537D4D726}.Debug|Any CPU.Deploy.0 = Debug|Any CPU
		{DE37B056-6857-4F9F-BB65-E0A537D4D726}.Debug|ARM.ActiveCfg = Debug|Any CPU
		{DE37B056-6857-4F9F-BB65-E0A537D4D726}.Debug|ARM.Build.0 = Debug|Any CPU
		{DE37B056-6857-4F9F-BB65-E0A537D4D726}.Debug|ARM.Deploy.0 = Debug|Any CPU
		{DE37B056-6857-4F9F-BB65-E0A537D4D726}.Debug|iPhone.ActiveCfg = Debug|Any CPU
		{DE37B056-6857-4F9F-BB65-E0A537D4D726}.Debug|iPhone.Build.0 = Debug|Any CPU
		{DE37B056-6857-4F9F-BB65-E0A537D4D726}.Debug|iPhone.Deploy.0 = Debug|Any CPU
		{DE37B056-6857-4F9F-BB65-E0A537D4D726}.Debug|iPhoneSimulator.ActiveCfg = Debug|Any CPU
		{DE37B056-6857-4F9F-BB65-E0A537D4D726}.Debug|iPhoneSimulator.Build.0 = Debug|Any CPU
		{DE37B056-6857-4F9F-BB65-E0A537D4D726}.Debug|iPhoneSimulator.Deploy.0 = Debug|Any CPU
		{DE37B056-6857-4F9F-BB65-E0A537D4D726}.Debug|x64.ActiveCfg = Debug|Any CPU
		{DE37B056-6857-4F9F-BB65-E0A537D4D726}.Debug|x64.Build.0 = Debug|Any CPU
		{DE37B056-6857-4F9F-BB65-E0A537D4D726}.Debug|x64.Deploy.0 = Debug|Any CPU
		{DE37B056-6857-4F9F-BB65-E0A537D4D726}.Debug|x86.ActiveCfg = Debug|Any CPU
		{DE37B056-6857-4F9F-BB65-E0A537D4D726}.Debug|x86.Build.0 = Debug|Any CPU
		{DE37B056-6857-4F9F-BB65-E0A537D4D726}.Debug|x86.Deploy.0 = Debug|Any CPU
		{DE37B056-6857-4F9F-BB65-E0A537D4D726}.Release|Any CPU.ActiveCfg = Release|Any CPU
		{DE37B056-6857-4F9F-BB65-E0A537D4D726}.Release|Any CPU.Build.0 = Release|Any CPU
		{DE37B056-6857-4F9F-BB65-E0A537D4D726}.Release|Any CPU.Deploy.0 = Release|Any CPU
		{DE37B056-6857-4F9F-BB65-E0A537D4D726}.Release|ARM.ActiveCfg = Release|Any CPU
		{DE37B056-6857-4F9F-BB65-E0A537D4D726}.Release|ARM.Build.0 = Release|Any CPU
		{DE37B056-6857-4F9F-BB65-E0A537D4D726}.Release|ARM.Deploy.0 = Release|Any CPU
		{DE37B056-6857-4F9F-BB65-E0A537D4D726}.Release|iPhone.ActiveCfg = Release|Any CPU
		{DE37B056-6857-4F9F-BB65-E0A537D4D726}.Release|iPhone.Build.0 = Release|Any CPU
		{DE37B056-6857-4F9F-BB65-E0A537D4D726}.Release|iPhone.Deploy.0 = Release|Any CPU
		{DE37B056-6857-4F9F-BB65-E0A537D4D726}.Release|iPhoneSimulator.ActiveCfg = Release|Any CPU
		{DE37B056-6857-4F9F-BB65-E0A537D4D726}.Release|iPhoneSimulator.Build.0 = Release|Any CPU
		{DE37B056-6857-4F9F-BB65-E0A537D4D726}.Release|iPhoneSimulator.Deploy.0 = Release|Any CPU
		{DE37B056-6857-4F9F-BB65-E0A537D4D726}.Release|x64.ActiveCfg = Release|Any CPU
		{DE37B056-6857-4F9F-BB65-E0A537D4D726}.Release|x64.Build.0 = Release|Any CPU
		{DE37B056-6857-4F9F-BB65-E0A537D4D726}.Release|x64.Deploy.0 = Release|Any CPU
		{DE37B056-6857-4F9F-BB65-E0A537D4D726}.Release|x86.ActiveCfg = Release|Any CPU
		{DE37B056-6857-4F9F-BB65-E0A537D4D726}.Release|x86.Build.0 = Release|Any CPU
		{DE37B056-6857-4F9F-BB65-E0A537D4D726}.Release|x86.Deploy.0 = Release|Any CPU
	EndGlobalSection
	GlobalSection(SolutionProperties) = preSolution
		HideSolutionNode = FALSE
	EndGlobalSection
	GlobalSection(ExtensibilityGlobals) = postSolution
		SolutionGuid = {E71D17D3-F30C-4FFE-BE39-2317792A7913}
	EndGlobalSection
EndGlobal
